
Microsoft Visual Studio Solution File, Format Version 12.00
Project("{FAE04EC0-301F-11D3-BF4B-00C04F79EFBC}") = "ObjectOrientedPractics", "src\ObjectOrientedPractics\ObjectOrientedPractics.csproj", "{ABAB166B-AD56-4BB8-93FF-D26DBB4D2546}"
EndProject
Project("{FAE04EC0-301F-11D3-BF4B-00C04F79EFBC}") = "ListOfNotesApplication", "src\ListOfNotesApplication\ListOfNotesApplication.csproj", "{737AA673-78AB-4C67-9EED-7D688D5E5415}"
EndProject
Project("{FAE04EC0-301F-11D3-BF4B-00C04F79EFBC}") = "Programming", "src\Programming\Programming.csproj", "{3F0AB8CB-4BD5-4FB5-9855-DCF54417B305}"
EndProject
Project("{2150E333-8FDC-42A3-9474-1A3956D46DE8}") = "build", "build", "{34578554-71C5-4E72-AEDA-181CFE106CA7}"
	ProjectSection(SolutionItems) = preProject
		C:\Users\arsen\AppData\Roaming\ObjectOrientedPractics\save.json = C:\Users\arsen\AppData\Roaming\ObjectOrientedPractics\save.json
	EndProjectSection
EndProject
Project("{FAE04EC0-301F-11D3-BF4B-00C04F79EFBC}") = "Contacts", "src\Contacts\Contacts.csproj", "{C3134615-FDEE-4FBC-AFFF-8F3040FB1D4A}"
EndProject
Global
	GlobalSection(SolutionConfigurationPlatforms) = preSolution
		Debug|Any CPU = Debug|Any CPU
		Release|Any CPU = Release|Any CPU
	EndGlobalSection
	GlobalSection(ProjectConfigurationPlatforms) = postSolution
		{ABAB166B-AD56-4BB8-93FF-D26DBB4D2546}.Debug|Any CPU.ActiveCfg = Debug|Any CPU
		{ABAB166B-AD56-4BB8-93FF-D26DBB4D2546}.Debug|Any CPU.Build.0 = Debug|Any CPU
		{ABAB166B-AD56-4BB8-93FF-D26DBB4D2546}.Release|Any CPU.ActiveCfg = Release|Any CPU
		{ABAB166B-AD56-4BB8-93FF-D26DBB4D2546}.Release|Any CPU.Build.0 = Release|Any CPU
		{737AA673-78AB-4C67-9EED-7D688D5E5415}.Debug|Any CPU.ActiveCfg = Debug|Any CPU
		{737AA673-78AB-4C67-9EED-7D688D5E5415}.Debug|Any CPU.Build.0 = Debug|Any CPU
		{737AA673-78AB-4C67-9EED-7D688D5E5415}.Release|Any CPU.ActiveCfg = Release|Any CPU
		{737AA673-78AB-4C67-9EED-7D688D5E5415}.Release|Any CPU.Build.0 = Release|Any CPU
		{3F0AB8CB-4BD5-4FB5-9855-DCF54417B305}.Debug|Any CPU.ActiveCfg = Debug|Any CPU
		{3F0AB8CB-4BD5-4FB5-9855-DCF54417B305}.Debug|Any CPU.Build.0 = Debug|Any CPU
		{3F0AB8CB-4BD5-4FB5-9855-DCF54417B305}.Release|Any CPU.ActiveCfg = Release|Any CPU
		{3F0AB8CB-4BD5-4FB5-9855-DCF54417B305}.Release|Any CPU.Build.0 = Release|Any CPU
		{61B12F5E-9985-4C6E-BCEB-5CD42557F102}.Debug|Any CPU.ActiveCfg = Debug|Any CPU
		{61B12F5E-9985-4C6E-BCEB-5CD42557F102}.Debug|Any CPU.Build.0 = Debug|Any CPU
		{61B12F5E-9985-4C6E-BCEB-5CD42557F102}.Release|Any CPU.ActiveCfg = Release|Any CPU
		{61B12F5E-9985-4C6E-BCEB-5CD42557F102}.Release|Any CPU.Build.0 = Release|Any CPU
		{F251A38A-2A8B-4191-BA5E-0D4FFCFC3A65}.Debug|Any CPU.ActiveCfg = Debug|Any CPU
		{F251A38A-2A8B-4191-BA5E-0D4FFCFC3A65}.Debug|Any CPU.Build.0 = Debug|Any CPU
		{F251A38A-2A8B-4191-BA5E-0D4FFCFC3A65}.Release|Any CPU.ActiveCfg = Release|Any CPU
		{F251A38A-2A8B-4191-BA5E-0D4FFCFC3A65}.Release|Any CPU.Build.0 = Release|Any CPU
		{C3134615-FDEE-4FBC-AFFF-8F3040FB1D4A}.Debug|Any CPU.ActiveCfg = Debug|Any CPU
		{C3134615-FDEE-4FBC-AFFF-8F3040FB1D4A}.Debug|Any CPU.Build.0 = Debug|Any CPU
		{C3134615-FDEE-4FBC-AFFF-8F3040FB1D4A}.Release|Any CPU.ActiveCfg = Release|Any CPU
		{C3134615-FDEE-4FBC-AFFF-8F3040FB1D4A}.Release|Any CPU.Build.0 = Release|Any CPU
	EndGlobalSection
	GlobalSection(NestedProjects) = preSolution
	EndGlobalSection
EndGlobal
